# This file is automatically @generated by Poetry 1.5.1 and should not be changed by hand.

[[package]]
name = "bytewax"
version = "0.16.2"
description = ""
optional = false
python-versions = ">=3.7"
files = [
    {file = "bytewax-0.16.2-cp310-cp310-macosx_10_9_x86_64.whl", hash = "sha256:a067a2864d1927cbd801a4f8abd05022f90ed56398aecb7cb5a961379da8d431"},
    {file = "bytewax-0.16.2-cp310-cp310-macosx_11_0_arm64.whl", hash = "sha256:3dda2436cdaec60b9aa7aa6f56de3062485d8688f64278cd429d87c7e7b39893"},
    {file = "bytewax-0.16.2-cp310-cp310-manylinux_2_27_x86_64.whl", hash = "sha256:f3293a38bb8a00cd6ae16552cf49208b823d1e0596af46b05ddda3875fcc33f3"},
    {file = "bytewax-0.16.2-cp310-cp310-manylinux_2_31_x86_64.whl", hash = "sha256:671559381c900a902bb41d0e0b1a061a1d1f175315802eaba96895a9ff45193f"},
    {file = "bytewax-0.16.2-cp310-none-win_amd64.whl", hash = "sha256:9634a575e9c8f412bb99875b7d095c6f9c61d6911721ea6f00eaf620383a9203"},
    {file = "bytewax-0.16.2-cp311-cp311-macosx_10_9_x86_64.whl", hash = "sha256:888e5e8189014ad34279b0ceb8f4546480e3f9ab94845883ca50d11b005c8fe0"},
    {file = "bytewax-0.16.2-cp311-cp311-macosx_11_0_arm64.whl", hash = "sha256:774992f0c5717b272e490c72286699be2254ef5bf53b4a973f9208a68d6a242c"},
    {file = "bytewax-0.16.2-cp311-cp311-manylinux_2_27_x86_64.whl", hash = "sha256:df76f55a87eb38ff6f88dd3d7cf6d7d9fdb34590f51cb1de4a9ab6f8d6f1b2a9"},
    {file = "bytewax-0.16.2-cp311-cp311-manylinux_2_31_x86_64.whl", hash = "sha256:620bac0f60628fdfa4cc4ca5fa48d0828b0f0c346f4630c71ce753e4be5aa24f"},
    {file = "bytewax-0.16.2-cp311-none-win_amd64.whl", hash = "sha256:a081565c92dba8089d6d38218b87dfee3947c847b6ab915f06d0597e9bc99c23"},
    {file = "bytewax-0.16.2-cp37-cp37m-macosx_10_9_x86_64.whl", hash = "sha256:8c690946293e76e7bcf4381b0ffa4d039364b469b815f567349787252c2ef8ba"},
    {file = "bytewax-0.16.2-cp37-cp37m-macosx_11_0_arm64.whl", hash = "sha256:d4e734a53f9332843b75f6d030962ed18461fdec9a65c2a6b8654ecf5e595b15"},
    {file = "bytewax-0.16.2-cp37-cp37m-manylinux_2_27_x86_64.whl", hash = "sha256:54db166c911ac3db38565dcaabbfd96c5ec479b0041ede2d97ca483ded4f2f71"},
    {file = "bytewax-0.16.2-cp37-cp37m-manylinux_2_31_x86_64.whl", hash = "sha256:e9152885aa08077d3b3e57a1d1eab6c9bb514397883236f66924244364826095"},
    {file = "bytewax-0.16.2-cp37-none-win_amd64.whl", hash = "sha256:2830b2520699c748795e5f2c8872c5cfe381d5f46523be2725906d037a754b97"},
    {file = "bytewax-0.16.2-cp38-cp38-macosx_10_9_x86_64.whl", hash = "sha256:888d43064aa6cff1366117d0603388c3b259e79e964848734b5b058f14f8f8d5"},
    {file = "bytewax-0.16.2-cp38-cp38-macosx_11_0_arm64.whl", hash = "sha256:b52b05232b013618d0ffd99f24d52882000a6692eca131e36291a551d8d37829"},
    {file = "bytewax-0.16.2-cp38-cp38-manylinux_2_27_x86_64.whl", hash = "sha256:7af6c962014ef3cb97431be7f1a3b4f691e4f4559af45ad799b20c9f9edfffe3"},
    {file = "bytewax-0.16.2-cp38-cp38-manylinux_2_31_x86_64.whl", hash = "sha256:efcfd2ca39b4501c1477cd6a110aa4db11d7d440b4189f962e3b8796e5bdfd1a"},
    {file = "bytewax-0.16.2-cp38-none-win_amd64.whl", hash = "sha256:77acb132e6d7a7c2784e28aea6e2e4c5e9a9b802a2d0ee2ccd9ea831eb7a4eff"},
    {file = "bytewax-0.16.2-cp39-cp39-macosx_10_9_x86_64.whl", hash = "sha256:ff8f4d009b16e9fd6031610c403b62baf7b583b43e71a437b87228f6e49c4f4b"},
    {file = "bytewax-0.16.2-cp39-cp39-macosx_11_0_arm64.whl", hash = "sha256:b0a67cf0fa05e6ff101f5ae946331579c3977beb2349360986c830c9f3ea5f6e"},
    {file = "bytewax-0.16.2-cp39-cp39-manylinux_2_27_x86_64.whl", hash = "sha256:677a7eac80554ddb88326e928e233804c2911fe62e5053c7ee50dba4def0ab7e"},
    {file = "bytewax-0.16.2-cp39-cp39-manylinux_2_31_x86_64.whl", hash = "sha256:0e4ff4d40ea19c36ea0e777aa99d0e4ed047005edba14a61dfed04a6a93d72d1"},
    {file = "bytewax-0.16.2-cp39-none-win_amd64.whl", hash = "sha256:672ffc307684dc5fb383fe87c7317f7813a804d161ad2cb0bf6fba4b2ec7740f"},
]

[package.extras]
dev = ["black (==22.3.0)", "bytewax[docs,kafka,test]", "flake8 (==4.0.1)", "isort (==5.10.1)", "pre-commit (==2.19.0)"]
docs = ["pdoc3 (==0.10.0)"]
kafka = ["confluent-kafka (<=2.0.2)"]
test = ["myst-docutils (==0.17.0)", "pytest (==7.1.0)"]

[[package]]
name = "confluent-kafka"
version = "2.2.0"
description = "Confluent's Python client for Apache Kafka"
optional = false
python-versions = "*"
files = [
    {file = "confluent-kafka-2.2.0.tar.gz", hash = "sha256:c91a79cd0420eec98d547bdc974232619831d8ca5214eade55443cdf1015b0bc"},
    {file = "confluent_kafka-2.2.0-cp310-cp310-macosx_10_9_x86_64.whl", hash = "sha256:069830518594f2639025b60351bc44a9ef9e33a3cf648706854e6f84dbbf2fa4"},
    {file = "confluent_kafka-2.2.0-cp310-cp310-macosx_11_0_arm64.whl", hash = "sha256:6af70f3a8a4ad3df232c8d25658f87fe6318daa85867851a469cd853859cc976"},
    {file = "confluent_kafka-2.2.0-cp310-cp310-manylinux_2_17_x86_64.manylinux2014_x86_64.whl", hash = "sha256:c544064acd50c8f4cb5b6e2158f0dd046fe36ce49a3bf69f018d67d8aa31252a"},
    {file = "confluent_kafka-2.2.0-cp310-cp310-manylinux_2_28_aarch64.whl", hash = "sha256:0ecfb19465d2272e985b2cf8d02cbc6b1e878ad24fe342e7489a22bb0694e0ff"},
    {file = "confluent_kafka-2.2.0-cp310-cp310-win_amd64.whl", hash = "sha256:bfe649c950db27b36fe099e7dec3e6f9f6264dcd683fefca1a3d1baafea71489"},
    {file = "confluent_kafka-2.2.0-cp311-cp311-macosx_10_9_x86_64.whl", hash = "sha256:994fcf16cb59906558921fa58c9357c8211feef534a0218a75acd805786c67bd"},
    {file = "confluent_kafka-2.2.0-cp311-cp311-macosx_11_0_arm64.whl", hash = "sha256:36d74ae7880c504e347dca6f573681c6e17d35e000b187300dfdde1250330636"},
    {file = "confluent_kafka-2.2.0-cp311-cp311-manylinux_2_17_x86_64.manylinux2014_x86_64.whl", hash = "sha256:4df1118f5ed39a59aed3c4e1b94ec7d369f30a99e7609cb1eebc789cd2c0f86c"},
    {file = "confluent_kafka-2.2.0-cp311-cp311-manylinux_2_28_aarch64.whl", hash = "sha256:3f8033fabdd32e51b8fec44783b5d54ce7e2569207b42536b822c44911a06b4e"},
    {file = "confluent_kafka-2.2.0-cp311-cp311-win_amd64.whl", hash = "sha256:f6ff4b71ea8b5b58fc38a401481dc0406b501a9f469e0a3c7920db379b4667c8"},
    {file = "confluent_kafka-2.2.0-cp36-cp36m-macosx_10_9_x86_64.whl", hash = "sha256:aa78d70c12e04c3331ac34b00e59f3216aacb140e464f3d55d965741e9cbae7a"},
    {file = "confluent_kafka-2.2.0-cp36-cp36m-manylinux_2_17_x86_64.manylinux2014_x86_64.whl", hash = "sha256:93cd00b95f317c190e1c73266ff63c2001c08db141f3543792970f8019311d12"},
    {file = "confluent_kafka-2.2.0-cp36-cp36m-manylinux_2_28_aarch64.whl", hash = "sha256:76ae8f773e7b34db4d1ca7e83ca3b7bca4d75172aee71cb49db0adf30e091156"},
    {file = "confluent_kafka-2.2.0-cp36-cp36m-win_amd64.whl", hash = "sha256:59596a6d6e53cebb5dc020edf972700cb93f147703638bca9ff659e5ba41b096"},
    {file = "confluent_kafka-2.2.0-cp37-cp37m-macosx_10_9_x86_64.whl", hash = "sha256:a80e7202b361466fe275b76e8b76e7a89e2933099e4a1fbb5a5b71ccc3898647"},
    {file = "confluent_kafka-2.2.0-cp37-cp37m-manylinux_2_17_x86_64.manylinux2014_x86_64.whl", hash = "sha256:0099be6c21c54c09b18f99d40b9189b20d9779af520b79320dc3be1b954a6735"},
    {file = "confluent_kafka-2.2.0-cp37-cp37m-manylinux_2_28_aarch64.whl", hash = "sha256:7fbc55cf74babe350974836691225920e2cc0acf51a49aac9896df4ca1ba6375"},
    {file = "confluent_kafka-2.2.0-cp37-cp37m-win_amd64.whl", hash = "sha256:ee8f1ddb977d94be7daa30527eaded6357d62dbbe7fdff764df260f134f6e304"},
    {file = "confluent_kafka-2.2.0-cp38-cp38-macosx_10_9_x86_64.whl", hash = "sha256:cabea69e2e6803eabaa99c8b72eb3747150bd9672bb819e16883750b37deae26"},
    {file = "confluent_kafka-2.2.0-cp38-cp38-macosx_11_0_arm64.whl", hash = "sha256:bdf449bd515d7ae859449e170ccf7f65d1ad9093ed5c8d7e4b6132a2388d1ae8"},
    {file = "confluent_kafka-2.2.0-cp38-cp38-manylinux_2_17_x86_64.manylinux2014_x86_64.whl", hash = "sha256:67f5ea8b5669165a808a19f9aacae54e9606a4ccad40af1bb5da5c2ac95ad32c"},
    {file = "confluent_kafka-2.2.0-cp38-cp38-manylinux_2_28_aarch64.whl", hash = "sha256:404b7c628721feaabc7c92e7a7308f2002b42d307aef2c22a62fc1554a8edea1"},
    {file = "confluent_kafka-2.2.0-cp38-cp38-win_amd64.whl", hash = "sha256:ab27f2c13e581b02ac34ce972f9a2f4165358c346f7ff8514d63ff13f422319d"},
    {file = "confluent_kafka-2.2.0-cp39-cp39-macosx_10_9_x86_64.whl", hash = "sha256:9ded465e3dbdf3cae2be02aeed084b198832cbb97f08a433e83bb38fd6be9bf3"},
    {file = "confluent_kafka-2.2.0-cp39-cp39-macosx_11_0_arm64.whl", hash = "sha256:3e24a41d7be375e96b0149646b676c923cab7871fbf782c485c740f7cc2d8a68"},
    {file = "confluent_kafka-2.2.0-cp39-cp39-manylinux_2_17_x86_64.manylinux2014_x86_64.whl", hash = "sha256:71cd9dbb7553f2fe3c5cac6fe47808e450aa4b09d9cbf448454fe049d8f603b2"},
    {file = "confluent_kafka-2.2.0-cp39-cp39-manylinux_2_28_aarch64.whl", hash = "sha256:7b84e9b75b47646ca195d54bacca4b8cadc31ee676594cd7f4e5260ee09586be"},
    {file = "confluent_kafka-2.2.0-cp39-cp39-win_amd64.whl", hash = "sha256:29bc97ec1bc42c8995a0fba50d055a6b968d9ad4f4e95277754df43fcc8195a8"},
]

[package.extras]
avro = ["avro (>=1.11.1,<2)", "fastavro (>=0.23.0,<1.0)", "fastavro (>=1.0)", "requests"]
dev = ["avro (>=1.11.1,<2)", "fastavro (>=0.23.0,<1.0)", "fastavro (>=1.0)", "flake8", "pytest", "pytest (==4.6.4)", "pytest-timeout", "requests"]
doc = ["avro (>=1.11.1,<2)", "fastavro (>=0.23.0,<1.0)", "fastavro (>=1.0)", "requests", "sphinx", "sphinx-rtd-theme"]
json = ["jsonschema", "pyrsistent", "pyrsistent (==0.16.1)", "requests"]
protobuf = ["protobuf", "requests"]
schema-registry = ["requests"]

[metadata]
lock-version = "2.0"
python-versions = "^3.11"
content-hash = "c9b2517f2edfbabbe0f61ff0707bf51f24384de675abb48df39b7f2d7f6b6940"
